
Microsoft Visual Studio Solution File, Format Version 12.00
# Visual Studio Version 16
VisualStudioVersion = 16.0.30804.86
MinimumVisualStudioVersion = 10.0.40219.1
Project("{9A19103F-16F7-4668-BE54-9A1E7A4F7556}") = "Entities", "Entities\Entities.csproj", "{31A48ED4-5965-4EFB-AF96-02BEE33FAB4A}"
EndProject
Project("{9A19103F-16F7-4668-BE54-9A1E7A4F7556}") = "DataAccess", "DataAccess\DataAccess.csproj", "{6926AE79-7ECC-4EC5-868D-F0768B3E3D43}"
EndProject
Project("{9A19103F-16F7-4668-BE54-9A1E7A4F7556}") = "Business", "Business\Business.csproj", "{E91F53DA-EC30-433F-80B1-2AD5BBA378D8}"
EndProject
Project("{9A19103F-16F7-4668-BE54-9A1E7A4F7556}") = "Console", "Console\Console.csproj", "{9395BC34-DA29-4F61-983A-5B782A92CFB9}"
EndProject
Project("{9A19103F-16F7-4668-BE54-9A1E7A4F7556}") = "Core", "Core\Core.csproj", "{E24B3D37-1250-489F-857C-35047059A102}"
EndProject
Project("{FAE04EC0-301F-11D3-BF4B-00C04F79EFBC}") = "WebAPI", "WebAPI\WebAPI.csproj", "{61131E67-98E4-40CC-8143-B611E0F70996}"
EndProject
Global
	GlobalSection(SolutionConfigurationPlatforms) = preSolution
		Debug|Any CPU = Debug|Any CPU
		Release|Any CPU = Release|Any CPU
	EndGlobalSection
	GlobalSection(ProjectConfigurationPlatforms) = postSolution
		{31A48ED4-5965-4EFB-AF96-02BEE33FAB4A}.Debug|Any CPU.ActiveCfg = Debug|Any CPU
		{31A48ED4-5965-4EFB-AF96-02BEE33FAB4A}.Debug|Any CPU.Build.0 = Debug|Any CPU
		{31A48ED4-5965-4EFB-AF96-02BEE33FAB4A}.Release|Any CPU.ActiveCfg = Release|Any CPU
		{31A48ED4-5965-4EFB-AF96-02BEE33FAB4A}.Release|Any CPU.Build.0 = Release|Any CPU
		{6926AE79-7ECC-4EC5-868D-F0768B3E3D43}.Debug|Any CPU.ActiveCfg = Debug|Any CPU
		{6926AE79-7ECC-4EC5-868D-F0768B3E3D43}.Debug|Any CPU.Build.0 = Debug|Any CPU
		{6926AE79-7ECC-4EC5-868D-F0768B3E3D43}.Release|Any CPU.ActiveCfg = Release|Any CPU
		{6926AE79-7ECC-4EC5-868D-F0768B3E3D43}.Release|Any CPU.Build.0 = Release|Any CPU
		{E91F53DA-EC30-433F-80B1-2AD5BBA378D8}.Debug|Any CPU.ActiveCfg = Debug|Any CPU
		{E91F53DA-EC30-433F-80B1-2AD5BBA378D8}.Debug|Any CPU.Build.0 = Debug|Any CPU
		{E91F53DA-EC30-433F-80B1-2AD5BBA378D8}.Release|Any CPU.ActiveCfg = Release|Any CPU
		{E91F53DA-EC30-433F-80B1-2AD5BBA378D8}.Release|Any CPU.Build.0 = Release|Any CPU
		{9395BC34-DA29-4F61-983A-5B782A92CFB9}.Debug|Any CPU.ActiveCfg = Debug|Any CPU
		{9395BC34-DA29-4F61-983A-5B782A92CFB9}.Debug|Any CPU.Build.0 = Debug|Any CPU
		{9395BC34-DA29-4F61-983A-5B782A92CFB9}.Release|Any CPU.ActiveCfg = Release|Any CPU
		{9395BC34-DA29-4F61-983A-5B782A92CFB9}.Release|Any CPU.Build.0 = Release|Any CPU
		{E24B3D37-1250-489F-857C-35047059A102}.Debug|Any CPU.ActiveCfg = Debug|Any CPU
		{E24B3D37-1250-489F-857C-35047059A102}.Debug|Any CPU.Build.0 = Debug|Any CPU
		{E24B3D37-1250-489F-857C-35047059A102}.Release|Any CPU.ActiveCfg = Release|Any CPU
		{E24B3D37-1250-489F-857C-35047059A102}.Release|Any CPU.Build.0 = Release|Any CPU
		{61131E67-98E4-40CC-8143-B611E0F70996}.Debug|Any CPU.ActiveCfg = Debug|Any CPU
		{61131E67-98E4-40CC-8143-B611E0F70996}.Debug|Any CPU.Build.0 = Debug|Any CPU
		{61131E67-98E4-40CC-8143-B611E0F70996}.Release|Any CPU.ActiveCfg = Release|Any CPU
		{61131E67-98E4-40CC-8143-B611E0F70996}.Release|Any CPU.Build.0 = Release|Any CPU
	EndGlobalSection
	GlobalSection(SolutionProperties) = preSolution
		HideSolutionNode = FALSE
	EndGlobalSection
	GlobalSection(ExtensibilityGlobals) = postSolution
		SolutionGuid = {6B8905FA-7C2A-4751-BADA-8B7182DFFA42}
	EndGlobalSection
EndGlobal
